# This file is automatically @generated by Cargo.
# It is not intended for manual editing.
[[package]]
name = "function"
version = "0.1.0"

[[package]]
name = "hello"
version = "0.1.0"

[[package]]
name = "ownership"
version = "0.1.0"

[[package]]
name = "string"
version = "0.1.0"

[[package]]
name = "variable"
version = "0.1.0"

